#
# This file is autogenerated by pip-compile with Python 3.11
# by the following command:
#
#    pip-compile --generate-hashes --output-file=requirements.lock --strip-extras requirements.txt
#
alembic==1.18.5 \
    --hash=sha256:06d8ba9d04558022f5395e9317de03d270f3dced49cee01f89fe7a13c26f14bc \
    --hash=sha256:1554982221dd17e9a749b53902407578eb305e453f71999e8c7f0a48389fff8e
    # via -r requirements.txt
annotated-doc==0.0.4 \
    --hash=sha256:571ac1dc6991c450b25a9c2d84a3705e2ae7a53467b5d111c24fa8baabbed320 \
    --hash=sha256:fbcda96e87e9c92ad167c2e53839e57503ecfda18804ea28102353485033faa4
    # via fastapi
annotated-types==0.7.0 \
    --hash=sha256:1f02e8b43a8fbbc3f3e0d4f0f4bfc8131bcb4eebe8849b8e5c773f3a1c582a53 \
    --hash=sha256:aff07c09a53a08bc8cfccb9c85b05f1aa9a2a6f23728d790723543408344ce89
    # via pydantic
anyio==4.14.2 \
    --hash=sha256:9f505dda5ac9f0c8309b5e8bd445a8c2bf7246f3ce950121e45ea15bc41d1494 \
    --hash=sha256:cfa139f3ed1a23ee8f88a145ddb5ac7605b8bbfd8592baacd7ce3d8bb4313c7f
    # via
    #   httpx
    #   starlette
certifi==2026.6.17 \
    --hash=sha256:024c88eeec92ca068db80f02b8b07c9cef7b9fe261d1d535abfd5abd6f6af432 \
    --hash=sha256:2227dcbaafe0d2f59279d1762ddddc37783ed4354594f194ffc31d20f41fc3db
    # via
    #   httpcore
    #   httpx
click==8.4.2 \
    --hash=sha256:9a6cea6e60b17ebe0a44c5cc636d94f09bd66142c1cd7d8b4cd731c4917a15f6 \
    --hash=sha256:e6f9f66136c816745b9d65817da91d61d957fb16e02e4dcd0552553c5a197b76
    # via uvicorn
fastapi==0.135.1 \
    --hash=sha256:46e2fc5745924b7c840f71ddd277382af29ce1cdb7d5eab5bf697e3fb9999c9e \
    --hash=sha256:d04115b508d936d254cea545b7312ecaa58a7b3a0f84952535b4c9afae7668cd
    # via -r requirements.txt
greenlet==3.5.3 \
    --hash=sha256:0909f9355a9f24845d3299f3112e266a06afb68302041989fd26bd68894933db \
    --hash=sha256:0f41e4a05a3c0cb31b17023eff28dd111e1d16bf7d7d00406cd7df23f31398a7 \
    --hash=sha256:0f6ff50ff8dbd51fae9b37f4101648b04ea0df19b3f50ab2beb5061e7716a5c8 \
    --hash=sha256:0f71be4920368fe1fabeeaa53d1e3548337e2b223d9565f8ad5e392a75ba23fc \
    --hash=sha256:12a248ba75f6a9a236375f52296c498c89ff1d8badf32deb9eca7abd5853f7da \
    --hash=sha256:1540dd8e5fc2a5aec40fbb98ef8e149fa47c89a4b4a1cf2575a14d3d1869d7a8 \
    --hash=sha256:16d192579ed281051396dddd7f7754dac6259e6b1fb26378c87b66622f8e3f91 \
    --hash=sha256:176bc16a721fa5fc294d70b87b4dfa5fbdd251b3da5d5372735ecef9bd7d6d0c \
    --hash=sha256:19131729ae0ddc3c2e1ef85e650169b5e37ee32e400f215f78b94d7b0d567310 \
    --hash=sha256:1c514a468149bf8fbbab874188a3535cd8a48a3e353eb53a3d424296f8dbacd3 \
    --hash=sha256:1dae6e0091eae084317e411f047f0b7cb241c6db570f7c45fd6b900a274914ce \
    --hash=sha256:215275b1b49320987352e6c1b054acca0064f965a2c66992bed9a6f7d913f149 \
    --hash=sha256:232fec92e823addaf02d9472cf7381e24a1d046a6ced1103c5caa4c21b9dfc1d \
    --hash=sha256:2421c3564da9429d5586d46ca31ebb26516b5498a802cf65c041a8e8a8980d34 \
    --hash=sha256:271a8ea7c1024e8a0d7dd2be66dd66dda8a07193f41a17b9e924f7600f5b62be \
    --hash=sha256:2b2e857ae16f5f72142edf75f9f176fe7526ba19a2841df1420516f83831c9f2 \
    --hash=sha256:2ecda9ec22edf38fa389369eaed8c3d37c05f3c54e69f69438dbb2cc1de1458b \
    --hash=sha256:3236754d423955ea08e9bb5f6c04a7895f9e22c290b66aa7653fcb922d839eb0 \
    --hash=sha256:37bf9c538f5ae6e63d643f88dec37c0c83bdf0e2ebc62961dedcf458822f7b71 \
    --hash=sha256:4399eb8d041f20b68d943918bc55502a93d6fdc0a37c14da7881c04139acee9d \
    --hash=sha256:483d08c11181c83a6ce1a7a61df0f624a208ec40817a3bb2302714592eee4f04 \
    --hash=sha256:499fef2acede88c1864a57bb586b4bf533c81e1b82df7ab93451cdb47dfec227 \
    --hash=sha256:4b9d501b40e80b70e32323c799dd9b420a5577a9601469d362ae1ffb690f3a7c \
    --hash=sha256:4d77e67f65f98449e3fb83f795b5d0a8437aead2f874ca89c96576caf4be3af6 \
    --hash=sha256:5121af01cf911e70056c00d4b46d5e9b5d1415550038573d744138bacb59e6b8 \
    --hash=sha256:55cf4d777485d43110e47133cbba6d74a8885a87ec1227ef0267f9ee80c5aa21 \
    --hash=sha256:5795cd1101371140551c645f2d408b8d3c01a5a29cf8a9bce6e759c983682d23 \
    --hash=sha256:5b4807c4082c9d1b6d9eed56fcd041863e37f2228106eef24c30ca096e238605 \
    --hash=sha256:6219b6d04dbf6ba6084d77dc609e8473060dc55f759cbf626d512122781fa128 \
    --hash=sha256:629b614d2b786e89c50440e246f33eea78f58a962d0bdbbcc809e6d13605903f \
    --hash=sha256:6b1b0eed82364b0e32c4ea0f221452d33e6bb17ae094d9f72aed9851812747ea \
    --hash=sha256:6f73857adb8fee13fa56c172bd11262f888c0c648f9fea113e777bb2c7904a81 \
    --hash=sha256:719757059f5a53fd0dde23f78cffeafcdd97b21c850ddb7ca684a3c1a1f122e2 \
    --hash=sha256:73f152c895e09907e0dbe24f6c2db37beb085cd63db91c3825a0fcd0064124a8 \
    --hash=sha256:7669aa24cf2a1041d6f7899575b494a3ab4cf68bfcc8609b1dc0be7272db835e \
    --hash=sha256:766cfd421c13e450feb340cd472a3ed9957d438727b7b4593ad7c76c5d2b0deb \
    --hash=sha256:78dbef602fda6d97d957eb7937f70c9ce9e9527330347f8f6b6f9e554a9e7a47 \
    --hash=sha256:7ef56fe650f50575bf843acde967b9c567687f3c22340941a899b7bc56e956a8 \
    --hash=sha256:7faba15ac005376e02a0384504e0243be3370ce010296a44a820feb342b505ab \
    --hash=sha256:8540f1e6205bd13ca0ce685581037219ca54a1b41a0a15d228c6c9b8ad5903d7 \
    --hash=sha256:87142215824be6ac05e2e8e2786eec307ccbc27c36723c3881959df654af6861 \
    --hash=sha256:8bdb43e1a1d1873721acab2be99c5befd4d2044ddfd52e4d610801019880a702 \
    --hash=sha256:8d19fe6c39ebff9259f07bcc685d3290f8fa4ea2278e51dd0008e4d6b0f2d814 \
    --hash=sha256:8ff8bed3e3baa20a3ea261ce00526f1898ad4801d4886fd2220580ee0ad8fadf \
    --hash=sha256:915f887cf2682b66419b879423a2e072634aa7b7dce6f3ada4957cfced3f1e9a \
    --hash=sha256:962c5df2db8cb446da51edf1ca5296c389d93b99c9d8aa2ee4c7d0d8f1218260 \
    --hash=sha256:9ad04dd75458c6300b047c61b8639092433d205a25a14e310d6582a480efcca1 \
    --hash=sha256:9bcd2d72ccd70a1ec68ba6ef93e7fbb4420ef9997dabc7010d893bd4015e0bec \
    --hash=sha256:a1fad1d11e7d6aab184107baa8e4ece11ccba3ec9599cd7efa5ff4d70d43256a \
    --hash=sha256:a2d185dd1621757e70c3861cceffd5317ab4e7ed7eb09c82994828468527ade5 \
    --hash=sha256:a61efc018fd3eb317eeca31aba90ee9e7f26f22884a79b6c6ec715bf71bb62f1 \
    --hash=sha256:aca9b4ce85b152b5524ef7d88170efdff80dc0032aa8b75f9aaf7f3479ea95b4 \
    --hash=sha256:af4923b3096e26a36d7e9cf24ab88083a20f97d191e3b97f253731ce9b41b28c \
    --hash=sha256:afaabdd554cd7ae9bbb3ca070b0d7fdfd207dbf1d16865f7233837709d354bda \
    --hash=sha256:b363d46ed1ea431825fdb01471bb024fc08399bad1572a616e853c7684415adb \
    --hash=sha256:b7068bd09f761f3f5b4d214c2bed063186b2a86148c740b3873e3f56d79bac31 \
    --hash=sha256:b897d97759425953f69a9c0fac67f8fe333ec0ce7377ef186fb2b0c3ad5e354d \
    --hash=sha256:c180d22d325fb613956b443c3c6f4406eb70e6defc70d3974da2a7b59e06f48c \
    --hash=sha256:c4e7b79d83805475f0102008843f6eb45fd3bb0b2e88c774adab5fbaab27117d \
    --hash=sha256:c82304750f057167ff60d188df1d0cc1764ce9567eadf03e6a7443bcedd0b30b \
    --hash=sha256:c8d87c2134d871df96ecdea9cec7cbaab286dadab0f56476e57aaf9e8ac11550 \
    --hash=sha256:cde8adafa2365676f74a979744629589999093bc86e2484214f58e61df08902c \
    --hash=sha256:cefa9cef4b371f9844c6053db71f1138bc6807bab1578b0dae5149c1f1141357 \
    --hash=sha256:d27c0c653a60d9535f690226474a5cc1036a8b0d7b57504d1c4f89c44a07a80c \
    --hash=sha256:dc133a1569ee667b2a6ef56ce551084aeefd87a5acbc4736d336d1e2edc6cfc4 \
    --hash=sha256:dd99329bbc15ca78dcc583dba05d0b1b0bae01ab6c2174989f5aaee3e41ac930 \
    --hash=sha256:df0a0628d1597eb0897b62f55d1343f772405fd25f3b2a796c76874b0c2e22e8 \
    --hash=sha256:e0f0d160f0b2e558e6c75f7930967183255dc9735e5f5b8cae58ee09c9576d8b \
    --hash=sha256:e18619ba655ac05d78d80fc83cac4ba892bd6927b99e3b8237aee861aaacc8bb \
    --hash=sha256:e44da2f5bbdaabaf7d80b73dbb430c7035771e9f244e3c8b769715c9d8fa0a16 \
    --hash=sha256:e515757e2e36bcbf1fad09a46e1557e8b1ae1797d4b44d09da7deed88ad28608 \
    --hash=sha256:e81fa194a1d20967877bdf9c7794db2bc99063e5be36aee710c08f04c5bb087f \
    --hash=sha256:ea03f2f04367845d6b58eeed276e1e56e51f0b97d8ad5a88a7d20a91dc9056cc \
    --hash=sha256:ebd933a6adabc298bab47731a130fe6bfb888bd934eee37810f151159544540d \
    --hash=sha256:ec6f1af59f6b5f3fc9678e2ea062d8377d22ac644f7844cb7a292910cf12ff44 \
    --hash=sha256:efa9f765dd09f9d0cdac651ffdf631ee59ec5dc6ee7a73e0c012ba9c52fbdf5b \
    --hash=sha256:efc6bd60ea02e085862c74a3ef64b147ffc6f1a5ea7d9f26e7a939943f68c1e3 \
    --hash=sha256:fad5aec764399f1b5cc347ad250a59660f20c8f8888ea6bae1f93b769cce1154 \
    --hash=sha256:fd2e02fa07485778536a036222d616ab957b1d533f36b3ed98ce725d9c9d3117
    # via sqlalchemy
h11==0.16.0 \
    --hash=sha256:4e35b956cf45792e4caa5885e69fba00bdbc6ffafbfa020300e549b208ee5ff1 \
    --hash=sha256:63cf8bbe7522de3bf65932fda1d9c2772064ffb3dae62d55932da54b31cb6c86
    # via
    #   httpcore
    #   uvicorn
httpcore==1.0.9 \
    --hash=sha256:2d400746a40668fc9dec9810239072b40b4484b640a8c38fd654a024c7a1bf55 \
    --hash=sha256:6e34463af53fd2ab5d807f399a9b45ea31c3dfa2276f15a2c3f00afff6e176e8
    # via httpx
httpx==0.28.1 \
    --hash=sha256:75e98c5f16b0f35b567856f597f06ff2270a374470a5c2392242528e3e3e42fc \
    --hash=sha256:d909fcccc110f8c7faf814ca82a9a4d816bc5a6dbfea25d6591d6985b8ba59ad
    # via -r requirements.txt
idna==3.18 \
    --hash=sha256:7f952cbe720b688055e3f87de14f5c3e5fdaa8bc3928985c4077ca689de849a2 \
    --hash=sha256:ffb385a7e039654cef1ab9ef32c6fafe283c0c0467bba1d9029738ce4a14a848
    # via
    #   anyio
    #   httpx
mako==1.3.12 \
    --hash=sha256:8f61569480282dbf557145ce441e4ba888be453c30989f879f0d652e39f53ea9 \
    --hash=sha256:9f778e93289bd410bb35daadeb4fc66d95a746f0b75777b942088b7fd7af550a
    # via alembic
markupsafe==3.0.3 \
    --hash=sha256:0303439a41979d9e74d18ff5e2dd8c43ed6c6001fd40e5bf2e43f7bd9bbc523f \
    --hash=sha256:068f375c472b3e7acbe2d5318dea141359e6900156b5b2ba06a30b169086b91a \
    --hash=sha256:0bf2a864d67e76e5c9a34dc26ec616a66b9888e25e7b9460e1c76d3293bd9dbf \
    --hash=sha256:0db14f5dafddbb6d9208827849fad01f1a2609380add406671a26386cdf15a19 \
    --hash=sha256:0eb9ff8191e8498cca014656ae6b8d61f39da5f95b488805da4bb029cccbfbaf \
    --hash=sha256:0f4b68347f8c5eab4a13419215bdfd7f8c9b19f2b25520968adfad23eb0ce60c \
    --hash=sha256:1085e7fbddd3be5f89cc898938f42c0b3c711fdcb37d75221de2666af647c175 \
    --hash=sha256:116bb52f642a37c115f517494ea5feb03889e04df47eeff5b130b1808ce7c219 \
    --hash=sha256:12c63dfb4a98206f045aa9563db46507995f7ef6d83b2f68eda65c307c6829eb \
    --hash=sha256:133a43e73a802c5562be9bbcd03d090aa5a1fe899db609c29e8c8d815c5f6de6 \
    --hash=sha256:1353ef0c1b138e1907ae78e2f6c63ff67501122006b0f9abad68fda5f4ffc6ab \
    --hash=sha256:15d939a21d546304880945ca1ecb8a039db6b4dc49b2c5a400387cdae6a62e26 \
    --hash=sha256:177b5253b2834fe3678cb4a5f0059808258584c559193998be2601324fdeafb1 \
    --hash=sha256:1872df69a4de6aead3491198eaf13810b565bdbeec3ae2dc8780f14458ec73ce \
    --hash=sha256:1b4b79e8ebf6b55351f0d91fe80f893b4743f104bff22e90697db1590e47a218 \
    --hash=sha256:1b52b4fb9df4eb9ae465f8d0c228a00624de2334f216f178a995ccdcf82c4634 \
    --hash=sha256:1ba88449deb3de88bd40044603fafffb7bc2b055d626a330323a9ed736661695 \
    --hash=sha256:1cc7ea17a6824959616c525620e387f6dd30fec8cb44f649e31712db02123dad \
    --hash=sha256:218551f6df4868a8d527e3062d0fb968682fe92054e89978594c28e642c43a73 \
    --hash=sha256:26a5784ded40c9e318cfc2bdb30fe164bdb8665ded9cd64d500a34fb42067b1c \
    --hash=sha256:2713baf880df847f2bece4230d4d094280f4e67b1e813eec43b4c0e144a34ffe \
    --hash=sha256:2a15a08b17dd94c53a1da0438822d70ebcd13f8c3a95abe3a9ef9f11a94830aa \
    --hash=sha256:2f981d352f04553a7171b8e44369f2af4055f888dfb147d55e42d29e29e74559 \
    --hash=sha256:32001d6a8fc98c8cb5c947787c5d08b0a50663d139f1305bac5885d98d9b40fa \
    --hash=sha256:3524b778fe5cfb3452a09d31e7b5adefeea8c5be1d43c4f810ba09f2ceb29d37 \
    --hash=sha256:3537e01efc9d4dccdf77221fb1cb3b8e1a38d5428920e0657ce299b20324d758 \
    --hash=sha256:35add3b638a5d900e807944a078b51922212fb3dedb01633a8defc4b01a3c85f \
    --hash=sha256:38664109c14ffc9e7437e86b4dceb442b0096dfe3541d7864d9cbe1da4cf36c8 \
    --hash=sha256:3a7e8ae81ae39e62a41ec302f972ba6ae23a5c5396c8e60113e9066ef893da0d \
    --hash=sha256:3b562dd9e9ea93f13d53989d23a7e775fdfd1066c33494ff43f5418bc8c58a5c \
    --hash=sha256:457a69a9577064c05a97c41f4e65148652db078a3a509039e64d3467b9e7ef97 \
    --hash=sha256:4bd4cd07944443f5a265608cc6aab442e4f74dff8088b0dfc8238647b8f6ae9a \
    --hash=sha256:4e885a3d1efa2eadc93c894a21770e4bc67899e3543680313b09f139e149ab19 \
    --hash=sha256:4faffd047e07c38848ce017e8725090413cd80cbc23d86e55c587bf979e579c9 \
    --hash=sha256:509fa21c6deb7a7a273d629cf5ec029bc209d1a51178615ddf718f5918992ab9 \
    --hash=sha256:5678211cb9333a6468fb8d8be0305520aa073f50d17f089b5b4b477ea6e67fdc \
    --hash=sha256:591ae9f2a647529ca990bc681daebdd52c8791ff06c2bfa05b65163e28102ef2 \
    --hash=sha256:5a7d5dc5140555cf21a6fefbdbf8723f06fcd2f63ef108f2854de715e4422cb4 \
    --hash=sha256:69c0b73548bc525c8cb9a251cddf1931d1db4d2258e9599c28c07ef3580ef354 \
    --hash=sha256:6b5420a1d9450023228968e7e6a9ce57f65d148ab56d2313fcd589eee96a7a50 \
    --hash=sha256:722695808f4b6457b320fdc131280796bdceb04ab50fe1795cd540799ebe1698 \
    --hash=sha256:729586769a26dbceff69f7a7dbbf59ab6572b99d94576a5592625d5b411576b9 \
    --hash=sha256:77f0643abe7495da77fb436f50f8dab76dbc6e5fd25d39589a0f1fe6548bfa2b \
    --hash=sha256:795e7751525cae078558e679d646ae45574b47ed6e7771863fcc079a6171a0fc \
    --hash=sha256:7be7b61bb172e1ed687f1754f8e7484f1c8019780f6f6b0786e76bb01c2ae115 \
    --hash=sha256:7c3fb7d25180895632e5d3148dbdc29ea38ccb7fd210aa27acbd1201a1902c6e \
    --hash=sha256:7e68f88e5b8799aa49c85cd116c932a1ac15caaa3f5db09087854d218359e485 \
    --hash=sha256:83891d0e9fb81a825d9a6d61e3f07550ca70a076484292a70fde82c4b807286f \
    --hash=sha256:8485f406a96febb5140bfeca44a73e3ce5116b2501ac54fe953e488fb1d03b12 \
    --hash=sha256:8709b08f4a89aa7586de0aadc8da56180242ee0ada3999749b183aa23df95025 \
    --hash=sha256:8f71bc33915be5186016f675cd83a1e08523649b0e33efdb898db577ef5bb009 \
    --hash=sha256:915c04ba3851909ce68ccc2b8e2cd691618c4dc4c4232fb7982bca3f41fd8c3d \
    --hash=sha256:949b8d66bc381ee8b007cd945914c721d9aba8e27f71959d750a46f7c282b20b \
    --hash=sha256:94c6f0bb423f739146aec64595853541634bde58b2135f27f61c1ffd1cd4d16a \
    --hash=sha256:9a1abfdc021a164803f4d485104931fb8f8c1efd55bc6b748d2f5774e78b62c5 \
    --hash=sha256:9b79b7a16f7fedff2495d684f2b59b0457c3b493778c9eed31111be64d58279f \
    --hash=sha256:a320721ab5a1aba0a233739394eb907f8c8da5c98c9181d1161e77a0c8e36f2d \
    --hash=sha256:a4afe79fb3de0b7097d81da19090f4df4f8d3a2b3adaa8764138aac2e44f3af1 \
    --hash=sha256:ad2cf8aa28b8c020ab2fc8287b0f823d0a7d8630784c31e9ee5edea20f406287 \
    --hash=sha256:b8512a91625c9b3da6f127803b166b629725e68af71f8184ae7e7d54686a56d6 \
    --hash=sha256:bc51efed119bc9cfdf792cdeaa4d67e8f6fcccab66ed4bfdd6bde3e59bfcbb2f \
    --hash=sha256:bdc919ead48f234740ad807933cdf545180bfbe9342c2bb451556db2ed958581 \
    --hash=sha256:bdd37121970bfd8be76c5fb069c7751683bdf373db1ed6c010162b2a130248ed \
    --hash=sha256:be8813b57049a7dc738189df53d69395eba14fb99345e0a5994914a3864c8a4b \
    --hash=sha256:c0c0b3ade1c0b13b936d7970b1d37a57acde9199dc2aecc4c336773e1d86049c \
    --hash=sha256:c47a551199eb8eb2121d4f0f15ae0f923d31350ab9280078d1e5f12b249e0026 \
    --hash=sha256:c4ffb7ebf07cfe8931028e3e4c85f0357459a3f9f9490886198848f4fa002ec8 \
    --hash=sha256:ccfcd093f13f0f0b7fdd0f198b90053bf7b2f02a3927a30e63f3ccc9df56b676 \
    --hash=sha256:d2ee202e79d8ed691ceebae8e0486bd9a2cd4794cec4824e1c99b6f5009502f6 \
    --hash=sha256:d53197da72cc091b024dd97249dfc7794d6a56530370992a5e1a08983ad9230e \
    --hash=sha256:d6dd0be5b5b189d31db7cda48b91d7e0a9795f31430b7f271219ab30f1d3ac9d \
    --hash=sha256:d88b440e37a16e651bda4c7c2b930eb586fd15ca7406cb39e211fcff3bf3017d \
    --hash=sha256:de8a88e63464af587c950061a5e6a67d3632e36df62b986892331d4620a35c01 \
    --hash=sha256:df2449253ef108a379b8b5d6b43f4b1a8e81a061d6537becd5582fba5f9196d7 \
    --hash=sha256:e1c1493fb6e50ab01d20a22826e57520f1284df32f2d8601fdd90b6304601419 \
    --hash=sha256:e1cf1972137e83c5d4c136c43ced9ac51d0e124706ee1c8aa8532c1287fa8795 \
    --hash=sha256:e2103a929dfa2fcaf9bb4e7c091983a49c9ac3b19c9061b6d5427dd7d14d81a1 \
    --hash=sha256:e56b7d45a839a697b5eb268c82a71bd8c7f6c94d6fd50c3d577fa39a9f1409f5 \
    --hash=sha256:e8afc3f2ccfa24215f8cb28dcf43f0113ac3c37c2f0f0806d8c70e4228c5cf4d \
    --hash=sha256:e8fc20152abba6b83724d7ff268c249fa196d8259ff481f3b1476383f8f24e42 \
    --hash=sha256:eaa9599de571d72e2daf60164784109f19978b327a3910d3e9de8c97b5b70cfe \
    --hash=sha256:ec15a59cf5af7be74194f7ab02d0f59a62bdcf1a537677ce67a2537c9b87fcda \
    --hash=sha256:f190daf01f13c72eac4efd5c430a8de82489d9cff23c364c3ea822545032993e \
    --hash=sha256:f34c41761022dd093b4b6896d4810782ffbabe30f2d443ff5f083e0cbbb8c737 \
    --hash=sha256:f3e98bb3798ead92273dc0e5fd0f31ade220f59a266ffd8a4f6065e0a3ce0523 \
    --hash=sha256:f42d0984e947b8adf7dd6dde396e720934d12c506ce84eea8476409563607591 \
    --hash=sha256:f71a396b3bf33ecaa1626c255855702aca4d3d9fea5e051b41ac59a9c1c41edc \
    --hash=sha256:f9e130248f4462aaa8e2552d547f36ddadbeaa573879158d721bbd33dfe4743a \
    --hash=sha256:fed51ac40f757d41b7c48425901843666a6677e3e8eb0abcff09e4ba6e664f50
    # via mako
psycopg==3.3.4 \
    --hash=sha256:b6bbc25ccf05c8fad3b061d9db2ef0909a555171b84b07f29458a447253d679a \
    --hash=sha256:e21207764952cff81b6b8bdacad9a3939f2793367fdac2987b3aac36a651b5bc
    # via -r requirements.txt
psycopg-binary==3.3.4 \
    --hash=sha256:018fbed325936da502feb546642c982dcc4b9ffdea32dfef78dbf3b7f7ad4070 \
    --hash=sha256:0579252a1202cd73e4da137a1426e2dae993ae44e757605344282af3a082848c \
    --hash=sha256:136f199a407b5348b9b857c504aff60c77622a28482e7195839ce1b51238c4cc \
    --hash=sha256:13a7f380824c35896dcac7fe0f61440f7ca49d6dc73f3c13a9a4471e6a3b302e \
    --hash=sha256:17a21953a9e5ff3a16dab692625a3676e2f101db5e40072f39dbee2250194d68 \
    --hash=sha256:1dc1f79fd16bb1f3f4421417a514607539f17804d95c7ed617265369d1981cae \
    --hash=sha256:1fbaa292a3c8bb61b45df1ad3da1908ccee7cb889db9425e3557d9e34e2a4829 \
    --hash=sha256:22cdbf5f91ef7bb91fe0c5757e1962d3127a8010256eefd9c61fcaf441802097 \
    --hash=sha256:26df2717e59c0473e4465a97dfb1b7afebaa479277870fd5784d1436470db47c \
    --hash=sha256:276904e3452d6a23d474ef9a21eee19f20eed3d53ddd2576af033827e0ba0992 \
    --hash=sha256:28b7398fdd19db3232c884fb24550bdfe951221f510e195e233299e4c9b78f97 \
    --hash=sha256:2c09aad7051326e7603c14e50636db9c01f78272dc54b3accff03d46370461e6 \
    --hash=sha256:32a6fbf8481e3a370d0d72b860d35948a693cb01281da217f7b2f307636e591a \
    --hash=sha256:41f2ec0fea529832982bcb6c9415de3c86264ebe562b77a467c0fbcd7efbba8d \
    --hash=sha256:46893c26858be12cc49ca4226ed6a60b4bfccadd946b3bebb783a60b38788228 \
    --hash=sha256:47c656a8a7ba6eb0cff1801a4caaa9c8bdc12d03080e273aff1c8ac39971a77e \
    --hash=sha256:494ca54901be8cf9eb7e02c25b731f2317c378efa44f43e8f9bd0e1184ae7be4 \
    --hash=sha256:514404ed543efd620c85602b747df2a23cf1241b4067199e1a66f2d2757aaa41 \
    --hash=sha256:574ea21a9651958f1535c5a1c649c7409e9168bcbffa29a3f2f961f58b322949 \
    --hash=sha256:580ae30a5f95ccd90008ec697d3ed6a4a2047a516407ad904283fa42086936e9 \
    --hash=sha256:5ab28a2a7649df3b72e6b674b4c190e448e8e77cf496a65bd846472048de2089 \
    --hash=sha256:5c4ab71be17bdca30cb34c34c4e1496e2f5d6f20c199c12bad226070b22ef9bf \
    --hash=sha256:612a627d733f695b1de1f9b4bd511c15f999a5d8b915d444bbd7dd71cf3370da \
    --hash=sha256:6402a9d8146cf4b3974ded3fd28a971e83dc6a0333eb7822524a3aa20b546578 \
    --hash=sha256:6b9016b1714da4dd5ecaaa75b82098aa5a0b87854ce9b092e21c27c4ae23e014 \
    --hash=sha256:71e55ccbdfae79a2ed9c6369c3008a3025817ff9d7e27b32a2d84e2a4267e66e \
    --hash=sha256:7465bfe6087d2d5b42d4c53b9b11ca9f218e477317a4a162a10e3c19e984ba8e \
    --hash=sha256:75a9067e236f9b9ae3535b66fe99bddb33d39c0de10112e49b9ab11eee53dc31 \
    --hash=sha256:773d573e11f437ce0bdb95b7c18dc58390494f96d43f8b45b9760436114f7652 \
    --hash=sha256:77df19583501ea288eaf15ac0fe7ad01e6d8091a91d5c41df5c718f307d8e31b \
    --hash=sha256:7f7668f30b9dd5163197e5cbf4e0efd54e00f0a859cc566ce56cfc31f4054839 \
    --hash=sha256:8c0056529e68dbe9184cd4019a1f3d8f3a4ead2f6fc7a5afcf27d3314edd1277 \
    --hash=sha256:94596f9e7633ee3f6440711d43bb70aa31cc0a46a900ab8b4201a366ace5c9e7 \
    --hash=sha256:ab8cca8ef8fb1ccf5b048ae5bd78ba55b9e4b5d472e3ce5ca39ff4d2a9c249e4 \
    --hash=sha256:ad3bc94054876155549fdaedf4a46d1ec69d39a5bcee377148afe498e84c4b8e \
    --hash=sha256:b56b603ebcea8aa10b46228b8410ba7f13e7c2ee54389d4d9be0927fd8ce2a70 \
    --hash=sha256:b6f5a29e9c775b9f12a1a717aa7a2c80f9e1db6f27ba44a5b59c80ac61d2ffcf \
    --hash=sha256:b7bfff1ca23732b488cbca3076fc11bc98d520ee122514fdb17a8e20d3338f5a \
    --hash=sha256:bdef84570ebbce1d42b4e7ea952d21c414c5f118ad02fee00c5625f35e134429 \
    --hash=sha256:c37e024c07308cd06cf3ec51bfd0e7f6157585a4d84d1bce4a7f5f7913719bf8 \
    --hash=sha256:c677c4ad433cb7150c8cd304a0769ae3bcfbe5ea0676eb53faa7b1443b16d0d3 \
    --hash=sha256:cf7f73a4a792bc5db58a4b385d8a1467e8d468f7548702fb0ed1e9b7501b1c13 \
    --hash=sha256:cffc3408d77a27973f33e5d909b624cce683db5fc25964b02fe0aae7886c1007 \
    --hash=sha256:d7b4d40c153fa352ab3cca530f3a0baedf7621b2ebcbd7f084009522c21788fc \
    --hash=sha256:dbfdb9b6cc79f31104a7b162a2b921b765fcc62af6c00540a167a8de47e4ed38 \
    --hash=sha256:df1d567fc430f6df15c9fcf67d87685fc49bdb325adc0db5af1adfb2f44eb5c9 \
    --hash=sha256:e2631da29253a98bd496e6c4813b24e09a4fe3fb2a9e88513305d6f8747cce95 \
    --hash=sha256:e7510c37550f91a187e3660a8cc50d4b760f8c3b8b2f89ebc5698cd2c7f2c85d \
    --hash=sha256:eb05ee1c2b817d27c537333224c9e83c7afb86fe7296ba970990068baf819b16 \
    --hash=sha256:eb4eed2079c01a4850bf467deacfab56d356d4225040170af03dc9958321242d \
    --hash=sha256:ee17a2cf4943cde261adfad1bbc5bf38d6b3776d7afff74c7cabcbeaeb08c260 \
    --hash=sha256:f80e3f2b5331dbbf0901bcb658056c03eeb2c1ef31d774afb0d61598b242e744 \
    --hash=sha256:f9b1c2533af01cd7648378599f82b0b8ae32f293296e6eec5753a625bc97ef28 \
    --hash=sha256:fa1cbc10768a796c96d3243656016bf4e337c81c71097270bb7b0ad6210d9765 \
    --hash=sha256:fbd1d4ed566895ad2d3bf4ddfd8bae90026930ddf29df3b9d91d32c8c47866a7
    # via psycopg
pydantic==2.7.1 \
    --hash=sha256:e029badca45266732a9a79898a15ae2e8b14840b1eabbb25844be28f0b33f3d5 \
    --hash=sha256:e9dbb5eada8abe4d9ae5f46b9939aead650cd2b68f249bb3a8139dbe125803cc
    # via fastapi
pydantic-core==2.18.2 \
    --hash=sha256:0098300eebb1c837271d3d1a2cd2911e7c11b396eac9661655ee524a7f10587b \
    --hash=sha256:042473b6280246b1dbf530559246f6842b56119c2926d1e52b631bdc46075f2a \
    --hash=sha256:05b7133a6e6aeb8df37d6f413f7705a37ab4031597f64ab56384c94d98fa0e90 \
    --hash=sha256:0680b1f1f11fda801397de52c36ce38ef1c1dc841a0927a94f226dea29c3ae3d \
    --hash=sha256:0d69b4c2f6bb3e130dba60d34c0845ba31b69babdd3f78f7c0c8fae5021a253e \
    --hash=sha256:1404c69d6a676245199767ba4f633cce5f4ad4181f9d0ccb0577e1f66cf4c46d \
    --hash=sha256:182245ff6b0039e82b6bb585ed55a64d7c81c560715d1bad0cbad6dfa07b4027 \
    --hash=sha256:1a388a77e629b9ec814c1b1e6b3b595fe521d2cdc625fcca26fbc2d44c816804 \
    --hash=sha256:1d90c3265ae107f91a4f279f4d6f6f1d4907ac76c6868b27dc7fb33688cfb347 \
    --hash=sha256:20aca1e2298c56ececfd8ed159ae4dde2df0781988c97ef77d5c16ff4bd5b400 \
    --hash=sha256:219da3f096d50a157f33645a1cf31c0ad1fe829a92181dd1311022f986e5fbe3 \
    --hash=sha256:22057013c8c1e272eb8d0eebc796701167d8377441ec894a8fed1af64a0bf399 \
    --hash=sha256:223ee893d77a310a0391dca6df00f70bbc2f36a71a895cecd9a0e762dc37b349 \
    --hash=sha256:224c421235f6102e8737032483f43c1a8cfb1d2f45740c44166219599358c2cd \
    --hash=sha256:2334ce8c673ee93a1d6a65bd90327588387ba073c17e61bf19b4fd97d688d63c \
    --hash=sha256:269322dcc3d8bdb69f054681edff86276b2ff972447863cf34c8b860f5188e2e \
    --hash=sha256:2728b01246a3bba6de144f9e3115b532ee44bd6cf39795194fb75491824a1413 \
    --hash=sha256:2b8ed04b3582771764538f7ee7001b02e1170223cf9b75dff0bc698fadb00cf3 \
    --hash=sha256:2e29d20810dfc3043ee13ac7d9e25105799817683348823f305ab3f349b9386e \
    --hash=sha256:36789b70d613fbac0a25bb07ab3d9dba4d2e38af609c020cf4d888d165ee0bf3 \
    --hash=sha256:390193c770399861d8df9670fb0d1874f330c79caaca4642332df7c682bf6b91 \
    --hash=sha256:3a6515ebc6e69d85502b4951d89131ca4e036078ea35533bb76327f8424531ce \
    --hash=sha256:3f9a801e7c8f1ef8718da265bba008fa121243dfe37c1cea17840b0944dfd72c \
    --hash=sha256:43f0f463cf89ace478de71a318b1b4f05ebc456a9b9300d027b4b57c1a2064fb \
    --hash=sha256:4456f2dca97c425231d7315737d45239b2b51a50dc2b6f0c2bb181fce6207664 \
    --hash=sha256:470b94480bb5ee929f5acba6995251ada5e059a5ef3e0dfc63cca287283ebfa6 \
    --hash=sha256:4774f3184d2ef3e14e8693194f661dea5a4d6ca4e3dc8e39786d33a94865cefd \
    --hash=sha256:4b4356d3538c3649337df4074e81b85f0616b79731fe22dd11b99499b2ebbdf3 \
    --hash=sha256:553ef617b6836fc7e4df130bb851e32fe357ce36336d897fd6646d6058d980af \
    --hash=sha256:6132dd3bd52838acddca05a72aafb6eab6536aa145e923bb50f45e78b7251043 \
    --hash=sha256:6a46e22a707e7ad4484ac9ee9f290f9d501df45954184e23fc29408dfad61350 \
    --hash=sha256:6e5c584d357c4e2baf0ff7baf44f4994be121e16a2c88918a5817331fc7599d7 \
    --hash=sha256:75250dbc5290e3f1a0f4618db35e51a165186f9034eff158f3d490b3fed9f8a0 \
    --hash=sha256:75f7e9488238e920ab6204399ded280dc4c307d034f3924cd7f90a38b1829563 \
    --hash=sha256:78363590ef93d5d226ba21a90a03ea89a20738ee5b7da83d771d283fd8a56761 \
    --hash=sha256:7ca4ae5a27ad7a4ee5170aebce1574b375de390bc01284f87b18d43a3984df72 \
    --hash=sha256:800d60565aec896f25bc3cfa56d2277d52d5182af08162f7954f938c06dc4ee3 \
    --hash=sha256:82d5d4d78e4448683cb467897fe24e2b74bb7b973a541ea1dcfec1d3cbce39fb \
    --hash=sha256:852e966fbd035a6468fc0a3496589b45e2208ec7ca95c26470a54daed82a0788 \
    --hash=sha256:868649da93e5a3d5eacc2b5b3b9235c98ccdbfd443832f31e075f54419e1b96b \
    --hash=sha256:886eec03591b7cf058467a70a87733b35f44707bd86cf64a615584fd72488b7c \
    --hash=sha256:8b172601454f2d7701121bbec3425dd71efcb787a027edf49724c9cefc14c038 \
    --hash=sha256:95b9d5e72481d3780ba3442eac863eae92ae43a5f3adb5b4d0a1de89d42bb250 \
    --hash=sha256:98758d627ff397e752bc339272c14c98199c613f922d4a384ddc07526c86a2ec \
    --hash=sha256:997abc4df705d1295a42f95b4eec4950a37ad8ae46d913caeee117b6b198811c \
    --hash=sha256:9b5155ff768083cb1d62f3e143b49a8a3432e6789a3abee8acd005c3c7af1c74 \
    --hash=sha256:9e08e867b306f525802df7cd16c44ff5ebbe747ff0ca6cf3fde7f36c05a59a81 \
    --hash=sha256:9fdad8e35f278b2c3eb77cbdc5c0a49dada440657bf738d6905ce106dc1de439 \
    --hash=sha256:a1874c6dd4113308bd0eb568418e6114b252afe44319ead2b4081e9b9521fe75 \
    --hash=sha256:a8309f67285bdfe65c372ea3722b7a5642680f3dba538566340a9d36e920b5f0 \
    --hash=sha256:ae0a8a797a5e56c053610fa7be147993fe50960fa43609ff2a9552b0e07013e8 \
    --hash=sha256:b14d82cdb934e99dda6d9d60dc84a24379820176cc4a0d123f88df319ae9c150 \
    --hash=sha256:b1bd7e47b1558ea872bd16c8502c414f9e90dcf12f1395129d7bb42a09a95438 \
    --hash=sha256:b3ef08e20ec49e02d5c6717a91bb5af9b20f1805583cb0adfe9ba2c6b505b5ae \
    --hash=sha256:b89ed9eb7d616ef5714e5590e6cf7f23b02d0d539767d33561e3675d6f9e3857 \
    --hash=sha256:c4fcf5cd9c4b655ad666ca332b9a081112cd7a58a8b5a6ca7a3104bc950f2038 \
    --hash=sha256:c6fdc8627910eed0c01aed6a390a252fe3ea6d472ee70fdde56273f198938374 \
    --hash=sha256:c9bd70772c720142be1020eac55f8143a34ec9f82d75a8e7a07852023e46617f \
    --hash=sha256:ca7b0c1f1c983e064caa85f3792dd2fe3526b3505378874afa84baf662e12241 \
    --hash=sha256:cbca948f2d14b09d20268cda7b0367723d79063f26c4ffc523af9042cad95592 \
    --hash=sha256:cc1cfd88a64e012b74e94cd00bbe0f9c6df57049c97f02bb07d39e9c852e19a4 \
    --hash=sha256:ccdd111c03bfd3666bd2472b674c6899550e09e9f298954cfc896ab92b5b0e6d \
    --hash=sha256:cfeecd1ac6cc1fb2692c3d5110781c965aabd4ec5d32799773ca7b1456ac636b \
    --hash=sha256:d4d938ec0adf5167cb335acb25a4ee69a8107e4984f8fbd2e897021d9e4ca21b \
    --hash=sha256:d7d904828195733c183d20a54230c0df0eb46ec746ea1a666730787353e87182 \
    --hash=sha256:d91cb5ea8b11607cc757675051f61b3d93f15eca3cefb3e6c704a5d6e8440f4e \
    --hash=sha256:d9319e499827271b09b4e411905b24a426b8fb69464dfa1696258f53a3334641 \
    --hash=sha256:e0e8b1be28239fc64a88a8189d1df7fad8be8c1ae47fcc33e43d4be15f99cc70 \
    --hash=sha256:e18609ceaa6eed63753037fc06ebb16041d17d28199ae5aba0052c51449650a9 \
    --hash=sha256:e1b395e58b10b73b07b7cf740d728dd4ff9365ac46c18751bf8b3d8cca8f625a \
    --hash=sha256:e23ec367a948b6d812301afc1b13f8094ab7b2c280af66ef450efc357d2ae543 \
    --hash=sha256:e25add29b8f3b233ae90ccef2d902d0ae0432eb0d45370fe315d1a5cf231004b \
    --hash=sha256:e6dac87ddb34aaec85f873d737e9d06a3555a1cc1a8e0c44b7f8d5daeb89d86f \
    --hash=sha256:ef26c9e94a8c04a1b2924149a9cb081836913818e55681722d7f29af88fe7b38 \
    --hash=sha256:eff2de745698eb46eeb51193a9f41d67d834d50e424aef27df2fcdee1b153845 \
    --hash=sha256:f0a21cbaa69900cbe1a2e7cad2aa74ac3cf21b10c3efb0fa0b80305274c0e8a2 \
    --hash=sha256:f459a5ce8434614dfd39bbebf1041952ae01da6bed9855008cb33b875cb024c0 \
    --hash=sha256:f93a8a2e3938ff656a7c1bc57193b1319960ac015b6e87d76c76bf14fe0244b4 \
    --hash=sha256:fb2bd7be70c0fe4dfd32c951bc813d9fe6ebcbfdd15a07527796c8204bd36242
    # via pydantic
pyjwt==2.13.0 \
    --hash=sha256:41571c89ca91598c79e8ef18a2d07367d4810fbbd6f637794879baf1b7703423 \
    --hash=sha256:66adcc2aff09b3f1bbd95fc1e1577df8ac8723c978552fd43304c8a290ac5728
    # via -r requirements.txt
sqlalchemy==2.0.30 \
    --hash=sha256:0094c5dc698a5f78d3d1539853e8ecec02516b62b8223c970c86d44e7a80f6c7 \
    --hash=sha256:0138c5c16be3600923fa2169532205d18891b28afa817cb49b50e08f62198bb8 \
    --hash=sha256:0a089e218654e740a41388893e090d2e2c22c29028c9d1353feb38638820bbeb \
    --hash=sha256:0b3f4c438e37d22b83e640f825ef0f37b95db9aa2d68203f2c9549375d0b2260 \
    --hash=sha256:16863e2b132b761891d6c49f0a0f70030e0bcac4fd208117f6b7e053e68668d0 \
    --hash=sha256:1f9a727312ff6ad5248a4367358e2cf7e625e98b1028b1d7ab7b806b7d757513 \
    --hash=sha256:2383146973a15435e4717f94c7509982770e3e54974c71f76500a0136f22810b \
    --hash=sha256:2753743c2afd061bb95a61a51bbb6a1a11ac1c44292fad898f10c9839a7f75b2 \
    --hash=sha256:296230899df0b77dec4eb799bcea6fbe39a43707ce7bb166519c97b583cfcab3 \
    --hash=sha256:2a4f4da89c74435f2bc61878cd08f3646b699e7d2eba97144030d1be44e27584 \
    --hash=sha256:2b1708916730f4830bc69d6f49d37f7698b5bd7530aca7f04f785f8849e95255 \
    --hash=sha256:2ecabd9ccaa6e914e3dbb2aa46b76dede7eadc8cbf1b8083c94d936bcd5ffb49 \
    --hash=sha256:311710f9a2ee235f1403537b10c7687214bb1f2b9ebb52702c5aa4a77f0b3af7 \
    --hash=sha256:37a4b4fb0dd4d2669070fb05b8b8824afd0af57587393015baee1cf9890242d9 \
    --hash=sha256:3a365eda439b7a00732638f11072907c1bc8e351c7665e7e5da91b169af794af \
    --hash=sha256:3b48154678e76445c7ded1896715ce05319f74b1e73cf82d4f8b59b46e9c0ddc \
    --hash=sha256:3b69e934f0f2b677ec111b4d83f92dc1a3210a779f69bf905273192cf4ed433e \
    --hash=sha256:3cb5a646930c5123f8461f6468901573f334c2c63c795b9af350063a736d0134 \
    --hash=sha256:408f8b0e2c04677e9c93f40eef3ab22f550fecb3011b187f66a096395ff3d9fd \
    --hash=sha256:40ad017c672c00b9b663fcfcd5f0864a0a97828e2ee7ab0c140dc84058d194cf \
    --hash=sha256:5a79d65395ac5e6b0c2890935bad892eabb911c4aa8e8015067ddb37eea3d56c \
    --hash=sha256:5a8e3b0a7e09e94be7510d1661339d6b52daf202ed2f5b1f9f48ea34ee6f2d57 \
    --hash=sha256:69c9db1ce00e59e8dd09d7bae852a9add716efdc070a3e2068377e6ff0d6fdaa \
    --hash=sha256:7108d569d3990c71e26a42f60474b4c02c8586c4681af5fd67e51a044fdea86a \
    --hash=sha256:77d2edb1f54aff37e3318f611637171e8ec71472f1fdc7348b41dcb226f93d90 \
    --hash=sha256:7d74336c65705b986d12a7e337ba27ab2b9d819993851b140efdf029248e818e \
    --hash=sha256:8409de825f2c3b62ab15788635ccaec0c881c3f12a8af2b12ae4910a0a9aeef6 \
    --hash=sha256:955991a09f0992c68a499791a753523f50f71a6885531568404fa0f231832aa0 \
    --hash=sha256:99650e9f4cf3ad0d409fed3eec4f071fadd032e9a5edc7270cd646a26446feeb \
    --hash=sha256:9a5baf9267b752390252889f0c802ea13b52dfee5e369527da229189b8bd592e \
    --hash=sha256:a0ef36b28534f2a5771191be6edb44cc2673c7b2edf6deac6562400288664221 \
    --hash=sha256:a1429a4b0f709f19ff3b0cf13675b2b9bfa8a7e79990003207a011c0db880a13 \
    --hash=sha256:a7bfc726d167f425d4c16269a9a10fe8630ff6d14b683d588044dcef2d0f6be7 \
    --hash=sha256:a943d297126c9230719c27fcbbeab57ecd5d15b0bd6bfd26e91bfcfe64220621 \
    --hash=sha256:ae8c62fe2480dd61c532ccafdbce9b29dacc126fe8be0d9a927ca3e699b9491a \
    --hash=sha256:b60203c63e8f984df92035610c5fb76d941254cf5d19751faab7d33b21e5ddc0 \
    --hash=sha256:b6bf767d14b77f6a18b6982cbbf29d71bede087edae495d11ab358280f304d8e \
    --hash=sha256:b6c7ec2b1f4969fc19b65b7059ed00497e25f54069407a8701091beb69e591a5 \
    --hash=sha256:bba002a9447b291548e8d66fd8c96a6a7ed4f2def0bb155f4f0a1309fd2735d5 \
    --hash=sha256:bc0c53579650a891f9b83fa3cecd4e00218e071d0ba00c4890f5be0c34887ed3 \
    --hash=sha256:c4f61ada6979223013d9ab83a3ed003ded6959eae37d0d685db2c147e9143797 \
    --hash=sha256:c62d401223f468eb4da32627bffc0c78ed516b03bb8a34a58be54d618b74d472 \
    --hash=sha256:e42203d8d20dc704604862977b1470a122e4892791fe3ed165f041e4bf447a1b \
    --hash=sha256:edc16a50f5e1b7a06a2dcc1f2205b0b961074c123ed17ebda726f376a5ab0953 \
    --hash=sha256:efedba7e13aa9a6c8407c48facfdfa108a5a4128e35f4c68f20c3407e4376aa9 \
    --hash=sha256:f1dc3eabd8c0232ee8387fbe03e0a62220a6f089e278b1f0aaf5e2d6210741ad \
    --hash=sha256:f69e4c756ee2686767eb80f94c0125c8b0a0b87ede03eacc5c8ae3b54b99dc46 \
    --hash=sha256:f7703c2010355dd28f53deb644a05fc30f796bd8598b43f0ba678878780b6e4c \
    --hash=sha256:fa561138a64f949f3e889eb9ab8c58e1504ab351d6cf55259dc4c248eaa19da6
    # via
    #   -r requirements.txt
    #   alembic
starlette==1.3.1 \
    --hash=sha256:05d0213193f2fbaae60e2ecb593b4add4262ad4e46536b54abe36f11a71724e0 \
    --hash=sha256:c7372aae11c3c3f26a42df7bd626cec2f47d03483d261d369516a615a53714c6
    # via fastapi
typing-extensions==4.16.0 \
    --hash=sha256:481caa481374e813c1b176ada14e97f1f67a4539ce9cfeb3f350d78d6370c2e8 \
    --hash=sha256:dc983d19a509c94dba722ee6abd33940f7c05a89e243c47e907eb4db6f1a43e5
    # via
    #   alembic
    #   anyio
    #   fastapi
    #   psycopg
    #   pydantic
    #   pydantic-core
    #   sqlalchemy
    #   starlette
    #   typing-inspection
typing-inspection==0.4.2 \
    --hash=sha256:4ed1cacbdc298c220f1bd249ed5287caa16f34d44ef4e9c3d0cbad5b521545e7 \
    --hash=sha256:ba561c48a67c5958007083d386c3295464928b01faa735ab8547c5692e87f464
    # via fastapi
uvicorn==0.51.0 \
    --hash=sha256:5d38af6cd620f2ae3849fb44fd4879e0890aa1febe8d47eb355fb45d93fe6a5b \
    --hash=sha256:f6f4b69b657c312f516dd2d268ab9ae6f254b11e4bac504f37b2ab58b24dd0b0
    # via -r requirements.txt
